
Microsoft Visual Studio Solution File, Format Version 11.00
# Visual Studio 2010
Project("{FAE04EC0-301F-11D3-BF4B-00C04F79EFBC}") = "Assembly-CSharp", "Assembly-CSharp.csproj", "{712fc77a-1bf3-752c-33aa-37c9ce587347}"
EndProject
Project("{FAE04EC0-301F-11D3-BF4B-00C04F79EFBC}") = "Assembly-CSharp-Editor-firstpass", "Assembly-CSharp-Editor-firstpass.csproj", "{edf2bd7c-bb25-d630-d030-aee64ecab1f6}"
EndProject
Project("{FAE04EC0-301F-11D3-BF4B-00C04F79EFBC}") = "Assembly-CSharp-firstpass", "Assembly-CSharp-firstpass.csproj", "{9352068a-e0de-24cb-03d2-dcf4e3d0240b}"
EndProject
Global
	GlobalSection(SolutionConfigurationPlatforms) = preSolution
		Debug|Any CPU = Debug|Any CPU
	EndGlobalSection
	GlobalSection(ProjectConfigurationPlatforms) = postSolution
		{712fc77a-1bf3-752c-33aa-37c9ce587347}.Debug|Any CPU.ActiveCfg = Debug|Any CPU
		{712fc77a-1bf3-752c-33aa-37c9ce587347}.Debug|Any CPU.Build.0 = Debug|Any CPU
		{edf2bd7c-bb25-d630-d030-aee64ecab1f6}.Debug|Any CPU.ActiveCfg = Debug|Any CPU
		{edf2bd7c-bb25-d630-d030-aee64ecab1f6}.Debug|Any CPU.Build.0 = Debug|Any CPU
		{9352068a-e0de-24cb-03d2-dcf4e3d0240b}.Debug|Any CPU.ActiveCfg = Debug|Any CPU
		{9352068a-e0de-24cb-03d2-dcf4e3d0240b}.Debug|Any CPU.Build.0 = Debug|Any CPU
	EndGlobalSection
	GlobalSection(SolutionProperties) = preSolution
		HideSolutionNode = FALSE
	EndGlobalSection
EndGlobal
